
Microsoft Visual Studio Solution File, Format Version 12.00
# Visual Studio Version 17
VisualStudioVersion = 17.8.34408.163
MinimumVisualStudioVersion = 10.0.40219.1
Project("{FAE04EC0-301F-11D3-BF4B-00C04F79EFBC}") = "Exam1p3", "Exam1p3\Exam1p3.csproj", "{D6DD704C-A3ED-406B-929B-B66523C6BB5B}"
EndProject
Global
	GlobalSection(SolutionConfigurationPlatforms) = preSolution
		Debug|Any CPU = Debug|Any CPU
		Release|Any CPU = Release|Any CPU
	EndGlobalSection
	GlobalSection(ProjectConfigurationPlatforms) = postSolution
		{D6DD704C-A3ED-406B-929B-B66523C6BB5B}.Debug|Any CPU.ActiveCfg = Debug|Any CPU
		{D6DD704C-A3ED-406B-929B-B66523C6BB5B}.Debug|Any CPU.Build.0 = Debug|Any CPU
		{D6DD704C-A3ED-406B-929B-B66523C6BB5B}.Release|Any CPU.ActiveCfg = Release|Any CPU
		{D6DD704C-A3ED-406B-929B-B66523C6BB5B}.Release|Any CPU.Build.0 = Release|Any CPU
	EndGlobalSection
	GlobalSection(SolutionProperties) = preSolution
		HideSolutionNode = FALSE
	EndGlobalSection
	GlobalSection(ExtensibilityGlobals) = postSolution
		SolutionGuid = {DDD053EC-5029-4558-BE3C-E9DA1CD0BD34}
	EndGlobalSection
EndGlobal
